
Microsoft Visual Studio Solution File, Format Version 12.00
# Visual Studio Version 17
VisualStudioVersion = 17.13.35818.85 d17.13
MinimumVisualStudioVersion = 10.0.40219.1
Project("{00D1A9C2-B5F0-4AF3-8072-F6C62B433612}") = "TuryBusDW", "TuryBusDW.sqlproj", "{7CDD4F0F-71A6-4692-8BAB-61D3F384E480}"
EndProject
Global
	GlobalSection(SolutionConfigurationPlatforms) = preSolution
		Debug|Any CPU = Debug|Any CPU
		Release|Any CPU = Release|Any CPU
	EndGlobalSection
	GlobalSection(ProjectConfigurationPlatforms) = postSolution
		{7CDD4F0F-71A6-4692-8BAB-61D3F384E480}.Debug|Any CPU.ActiveCfg = Debug|Any CPU
		{7CDD4F0F-71A6-4692-8BAB-61D3F384E480}.Debug|Any CPU.Build.0 = Debug|Any CPU
		{7CDD4F0F-71A6-4692-8BAB-61D3F384E480}.Debug|Any CPU.Deploy.0 = Debug|Any CPU
		{7CDD4F0F-71A6-4692-8BAB-61D3F384E480}.Release|Any CPU.ActiveCfg = Release|Any CPU
		{7CDD4F0F-71A6-4692-8BAB-61D3F384E480}.Release|Any CPU.Build.0 = Release|Any CPU
		{7CDD4F0F-71A6-4692-8BAB-61D3F384E480}.Release|Any CPU.Deploy.0 = Release|Any CPU
	EndGlobalSection
	GlobalSection(SolutionProperties) = preSolution
		HideSolutionNode = FALSE
	EndGlobalSection
	GlobalSection(ExtensibilityGlobals) = postSolution
		SolutionGuid = {4AD24A37-43F2-4EB9-BE3B-A919A65DB78A}
	EndGlobalSection
EndGlobal
